# THIS IS AN AUTOGENERATED FILE. DO NOT EDIT THIS FILE DIRECTLY.
# yarn lockfile v1


"@types/node@^8.0.19":
  version "8.9.4"
  resolved "https://registry.yarnpkg.com/@types/node/-/node-8.9.4.tgz#dfd327582a06c114eb6e0441fa3d6fab35edad48"

abbrev@1:
  version "1.1.1"
  resolved "https://registry.yarnpkg.com/abbrev/-/abbrev-1.1.1.tgz#f8f2c887ad10bf67f634f005b6987fed3179aac8"

ajv@^5.1.0:
  version "5.5.2"
  resolved "https://registry.yarnpkg.com/ajv/-/ajv-5.5.2.tgz#73b5eeca3fab653e3d3f9422b341ad42205dc965"
  dependencies:
    co "^4.6.0"
    fast-deep-equal "^1.0.0"
    fast-json-stable-stringify "^2.0.0"
    json-schema-traverse "^0.3.0"

ansi-regex@^2.0.0:
  version "2.1.1"
  resolved "https://registry.yarnpkg.com/ansi-regex/-/ansi-regex-2.1.1.tgz#c3b33ab5ee360d86e0e628f0468ae7ef27d654df"

ansi-regex@^3.0.0:
  version "3.0.0"
  resolved "https://registry.yarnpkg.com/ansi-regex/-/ansi-regex-3.0.0.tgz#ed0317c322064f79466c02966bddb605ab37d998"

ansi-styles@^3.2.0:
  version "3.2.0"
  resolved "https://registry.yarnpkg.com/ansi-styles/-/ansi-styles-3.2.0.tgz#c159b8d5be0f9e5a6f346dab94f16ce022161b88"
  dependencies:
    color-convert "^1.9.0"

aproba@^1.0.3:
  version "1.2.0"
  resolved "https://registry.yarnpkg.com/aproba/-/aproba-1.2.0.tgz#6802e6264efd18c790a1b0d517f0f2627bf2c94a"

are-we-there-yet@~1.1.2:
  version "1.1.4"
  resolved "https://registry.yarnpkg.com/are-we-there-yet/-/are-we-there-yet-1.1.4.tgz#bb5dca382bb94f05e15194373d16fd3ba1ca110d"
  dependencies:
    delegates "^1.0.0"
    readable-stream "^2.0.6"

asn1@~0.2.3:
  version "0.2.3"
  resolved "https://registry.yarnpkg.com/asn1/-/asn1-0.2.3.tgz#dac8787713c9966849fc8180777ebe9c1ddf3b86"

assert-plus@1.0.0, assert-plus@^1.0.0:
  version "1.0.0"
  resolved "https://registry.yarnpkg.com/assert-plus/-/assert-plus-1.0.0.tgz#f12e0f3c5d77b0b1cdd9146942e4e96c1e4dd525"

assertion-error@1.0.0:
  version "1.0.0"
  resolved "https://registry.yarnpkg.com/assertion-error/-/assertion-error-1.0.0.tgz#c7f85438fdd466bc7ca16ab90c81513797a5d23b"

async-limiter@~1.0.0:
  version "1.0.0"
  resolved "https://registry.yarnpkg.com/async-limiter/-/async-limiter-1.0.0.tgz#78faed8c3d074ab81f22b4e985d79e8738f720f8"

async@^2.3.0, async@^2.6.0:
  version "2.6.0"
  resolved "https://registry.yarnpkg.com/async/-/async-2.6.0.tgz#61a29abb6fcc026fea77e56d1c6ec53a795951f4"
  dependencies:
    lodash "^4.14.0"

asynckit@^0.4.0:
  version "0.4.0"
  resolved "https://registry.yarnpkg.com/asynckit/-/asynckit-0.4.0.tgz#c79ed97f7f34cb8f2ba1bc9790bcc366474b4b79"

aws-sign2@~0.7.0:
  version "0.7.0"
  resolved "https://registry.yarnpkg.com/aws-sign2/-/aws-sign2-0.7.0.tgz#b46e890934a9591f2d2f6f86d7e6a9f1b3fe76a8"

aws4@^1.6.0:
  version "1.6.0"
  resolved "https://registry.yarnpkg.com/aws4/-/aws4-1.6.0.tgz#83ef5ca860b2b32e4a0deedee8c771b9db57471e"

balanced-match@^1.0.0:
  version "1.0.0"
  resolved "https://registry.yarnpkg.com/balanced-match/-/balanced-match-1.0.0.tgz#89b4d199ab2bee49de164ea02b89ce462d71b767"

bcrypt-pbkdf@^1.0.0:
  version "1.0.1"
  resolved "https://registry.yarnpkg.com/bcrypt-pbkdf/-/bcrypt-pbkdf-1.0.1.tgz#63bc5dcb61331b92bc05fd528953c33462a06f8d"
  dependencies:
    tweetnacl "^0.14.3"

binary@^0.3.0:
  version "0.3.0"
  resolved "https://registry.yarnpkg.com/binary/-/binary-0.3.0.tgz#9f60553bc5ce8c3386f3b553cff47462adecaa79"
  dependencies:
    buffers "~0.1.1"
    chainsaw "~0.1.0"

bindings@~1.3.0:
  version "1.3.0"
  resolved "https://registry.yarnpkg.com/bindings/-/bindings-1.3.0.tgz#b346f6ecf6a95f5a815c5839fc7cdb22502f1ed7"

bl@^1.0.0:
  version "1.2.1"
  resolved "https://registry.yarnpkg.com/bl/-/bl-1.2.1.tgz#cac328f7bee45730d404b692203fcb590e172d5e"
  dependencies:
    readable-stream "^2.0.5"

boom@4.x.x:
  version "4.3.1"
  resolved "https://registry.yarnpkg.com/boom/-/boom-4.3.1.tgz#4f8a3005cb4a7e3889f749030fd25b96e01d2e31"
  dependencies:
    hoek "4.x.x"

boom@5.x.x:
  version "5.2.0"
  resolved "https://registry.yarnpkg.com/boom/-/boom-5.2.0.tgz#5dd9da6ee3a5f302077436290cb717d3f4a54e02"
  dependencies:
    hoek "4.x.x"

brace-expansion@^1.1.7:
  version "1.1.11"
  resolved "https://registry.yarnpkg.com/brace-expansion/-/brace-expansion-1.1.11.tgz#3c7fcbf529d87226f3d2f52b966ff5271eb441dd"
  dependencies:
    balanced-match "^1.0.0"
    concat-map "0.0.1"

buffers@~0.1.1:
  version "0.1.1"
  resolved "https://registry.yarnpkg.com/buffers/-/buffers-0.1.1.tgz#b24579c3bed4d6d396aeee6d9a8ae7f5482ab7bb"

bufferutil@^3.0.3:
  version "3.0.3"
  resolved "https://registry.yarnpkg.com/bufferutil/-/bufferutil-3.0.3.tgz#ce67caefde2282591e399528467fe623f68f4bd5"
  dependencies:
    bindings "~1.3.0"
    nan "~2.7.0"
    prebuild-install "~2.3.0"

camelcase@^4.1.0:
  version "4.1.0"
  resolved "https://registry.yarnpkg.com/camelcase/-/camelcase-4.1.0.tgz#d545635be1e33c542649c69173e5de6acfae34dd"

caseless@~0.12.0:
  version "0.12.0"
  resolved "https://registry.yarnpkg.com/caseless/-/caseless-0.12.0.tgz#1b681c21ff84033c826543090689420d187151dc"

chai@^2.1.0:
  version "2.3.0"
  resolved "https://registry.yarnpkg.com/chai/-/chai-2.3.0.tgz#8a2f6a34748da801090fd73287b2aa739a4e909a"
  dependencies:
    assertion-error "1.0.0"
    deep-eql "0.1.3"

chainsaw@~0.1.0:
  version "0.1.0"
  resolved "https://registry.yarnpkg.com/chainsaw/-/chainsaw-0.1.0.tgz#5eab50b28afe58074d0d58291388828b5e5fbc98"
  dependencies:
    traverse ">=0.3.0 <0.4"

chalk@^2.3.0:
  version "2.3.1"
  resolved "https://registry.yarnpkg.com/chalk/-/chalk-2.3.1.tgz#523fe2678aec7b04e8041909292fe8b17059b796"
  dependencies:
    ansi-styles "^3.2.0"
    escape-string-regexp "^1.0.5"
    supports-color "^5.2.0"

chownr@^1.0.1:
  version "1.0.1"
  resolved "https://registry.yarnpkg.com/chownr/-/chownr-1.0.1.tgz#e2a75042a9551908bebd25b8523d5f9769d79181"

cliui@^4.0.0:
  version "4.0.0"
  resolved "https://registry.yarnpkg.com/cliui/-/cliui-4.0.0.tgz#743d4650e05f36d1ed2575b59638d87322bfbbcc"
  dependencies:
    string-width "^2.1.1"
    strip-ansi "^4.0.0"
    wrap-ansi "^2.0.0"

co@^4.6.0:
  version "4.6.0"
  resolved "https://registry.yarnpkg.com/co/-/co-4.6.0.tgz#6ea6bdf3d853ae54ccb8e47bfa0bf3f9031fb184"

code-point-at@^1.0.0:
  version "1.1.0"
  resolved "https://registry.yarnpkg.com/code-point-at/-/code-point-at-1.1.0.tgz#0d070b4d043a5bea33a2f1a40e2edb3d9a4ccf77"

coffee-script@~1.11.0:
  version "1.11.1"
  resolved "https://registry.yarnpkg.com/coffee-script/-/coffee-script-1.11.1.tgz#bf1c47ad64443a0d95d12df2b147cc0a4daad6e9"

coffeelint@^1.9.2:
  version "1.16.2"
  resolved "https://registry.yarnpkg.com/coffeelint/-/coffeelint-1.16.2.tgz#8b6e76e82fb1aa27eebd91b80a2b18822d72727d"
  dependencies:
    coffee-script "~1.11.0"
    glob "^7.0.6"
    ignore "^3.0.9"
    optimist "^0.6.1"
    resolve "^0.6.3"
    strip-json-comments "^1.0.2"

color-convert@^1.9.0:
  version "1.9.1"
  resolved "https://registry.yarnpkg.com/color-convert/-/color-convert-1.9.1.tgz#c1261107aeb2f294ebffec9ed9ecad529a6097ed"
  dependencies:
    color-name "^1.1.1"

color-name@^1.1.1:
  version "1.1.3"
  resolved "https://registry.yarnpkg.com/color-name/-/color-name-1.1.3.tgz#a7d0558bd89c42f795dd42328f740831ca53bc25"

colors@^1.1.2:
  version "1.1.2"
  resolved "https://registry.yarnpkg.com/colors/-/colors-1.1.2.tgz#168a4701756b6a7f51a12ce0c97bfa28c084ed63"

combined-stream@1.0.6, combined-stream@~1.0.5:
  version "1.0.6"
  resolved "https://registry.yarnpkg.com/combined-stream/-/combined-stream-1.0.6.tgz#723e7df6e801ac5613113a7e445a9b69cb632818"
  dependencies:
    delayed-stream "~1.0.0"

commander@0.6.1:
  version "0.6.1"
  resolved "https://registry.yarnpkg.com/commander/-/commander-0.6.1.tgz#fa68a14f6a945d54dbbe50d8cdb3320e9e3b1a06"

commander@2.3.0:
  version "2.3.0"
  resolved "https://registry.yarnpkg.com/commander/-/commander-2.3.0.tgz#fd430e889832ec353b9acd1de217c11cb3eef873"

concat-map@0.0.1:
  version "0.0.1"
  resolved "https://registry.yarnpkg.com/concat-map/-/concat-map-0.0.1.tgz#d8a96bd77fd68df7793a73036a3ba0d5405d477b"

console-control-strings@^1.0.0, console-control-strings@~1.1.0:
  version "1.1.0"
  resolved "https://registry.yarnpkg.com/console-control-strings/-/console-control-strings-1.1.0.tgz#3d7cf4464db6446ea644bf4b39507f9851008e8e"

core-util-is@1.0.2, core-util-is@~1.0.0:
  version "1.0.2"
  resolved "https://registry.yarnpkg.com/core-util-is/-/core-util-is-1.0.2.tgz#b5fd54220aa2bc5ab57aab7140c940754503c1a7"

cross-spawn@^5.0.1:
  version "5.1.0"
  resolved "https://registry.yarnpkg.com/cross-spawn/-/cross-spawn-5.1.0.tgz#e8bd0efee58fcff6f8f94510a0a554bbfa235449"
  dependencies:
    lru-cache "^4.0.1"
    shebang-command "^1.2.0"
    which "^1.2.9"

cryptiles@3.x.x:
  version "3.1.2"
  resolved "https://registry.yarnpkg.com/cryptiles/-/cryptiles-3.1.2.tgz#a89fbb220f5ce25ec56e8c4aa8a4fd7b5b0d29fe"
  dependencies:
    boom "5.x.x"

dashdash@^1.12.0:
  version "1.14.1"
  resolved "https://registry.yarnpkg.com/dashdash/-/dashdash-1.14.1.tgz#853cfa0f7cbe2fed5de20326b8dd581035f6e2f0"
  dependencies:
    assert-plus "^1.0.0"

debug@2.2.0:
  version "2.2.0"
  resolved "https://registry.yarnpkg.com/debug/-/debug-2.2.0.tgz#f87057e995b1a1f6ae6a4960664137bc56f039da"
  dependencies:
    ms "0.7.1"

debug@^2.6.6:
  version "2.6.9"
  resolved "https://registry.yarnpkg.com/debug/-/debug-2.6.9.tgz#5d128515df134ff327e90a4c93f4e077a536341f"
  dependencies:
    ms "2.0.0"

decamelize@^1.1.1:
  version "1.2.0"
  resolved "https://registry.yarnpkg.com/decamelize/-/decamelize-1.2.0.tgz#f6534d15148269b20352e7bee26f501f9a191290"

decompress-zip@^0.3.0:
  version "0.3.0"
  resolved "https://registry.yarnpkg.com/decompress-zip/-/decompress-zip-0.3.0.tgz#ae3bcb7e34c65879adfe77e19c30f86602b4bdb0"
  dependencies:
    binary "^0.3.0"
    graceful-fs "^4.1.3"
    mkpath "^0.1.0"
    nopt "^3.0.1"
    q "^1.1.2"
    readable-stream "^1.1.8"
    touch "0.0.3"

deep-eql@0.1.3:
  version "0.1.3"
  resolved "https://registry.yarnpkg.com/deep-eql/-/deep-eql-0.1.3.tgz#ef558acab8de25206cd713906d74e56930eb69f2"
  dependencies:
    type-detect "0.1.1"

deep-extend@~0.4.0:
  version "0.4.2"
  resolved "https://registry.yarnpkg.com/deep-extend/-/deep-extend-0.4.2.tgz#48b699c27e334bf89f10892be432f6e4c7d34a7f"

delayed-stream@~1.0.0:
  version "1.0.0"
  resolved "https://registry.yarnpkg.com/delayed-stream/-/delayed-stream-1.0.0.tgz#df3ae199acadfb7d440aaae0b29e2272b24ec619"

delegates@^1.0.0:
  version "1.0.0"
  resolved "https://registry.yarnpkg.com/delegates/-/delegates-1.0.0.tgz#84c6e159b81904fdca59a0ef44cd870d31250f9a"

diff@1.4.0:
  version "1.4.0"
  resolved "https://registry.yarnpkg.com/diff/-/diff-1.4.0.tgz#7f28d2eb9ee7b15a97efd89ce63dcfdaa3ccbabf"

dns-then@^0.1.0:
  version "0.1.0"
  resolved "https://registry.yarnpkg.com/dns-then/-/dns-then-0.1.0.tgz#c573a8ed103ca7492e070507cbfab27b15eab1f4"
  dependencies:
    node-then "~0.1"

ecc-jsbn@~0.1.1:
  version "0.1.1"
  resolved "https://registry.yarnpkg.com/ecc-jsbn/-/ecc-jsbn-0.1.1.tgz#0fc73a9ed5f0d53c38193398523ef7e543777505"
  dependencies:
    jsbn "~0.1.0"

end-of-stream@^1.0.0, end-of-stream@^1.1.0:
  version "1.4.1"
  resolved "https://registry.yarnpkg.com/end-of-stream/-/end-of-stream-1.4.1.tgz#ed29634d19baba463b6ce6b80a37213eab71ec43"
  dependencies:
    once "^1.4.0"

escape-string-regexp@1.0.2:
  version "1.0.2"
  resolved "https://registry.yarnpkg.com/escape-string-regexp/-/escape-string-regexp-1.0.2.tgz#4dbc2fe674e71949caf3fb2695ce7f2dc1d9a8d1"

escape-string-regexp@^1.0.5:
  version "1.0.5"
  resolved "https://registry.yarnpkg.com/escape-string-regexp/-/escape-string-regexp-1.0.5.tgz#1b61c0562190a8dff6ae3bb2cf0200ca130b86d4"

eventsource@0.1.6:
  version "0.1.6"
  resolved "https://registry.yarnpkg.com/eventsource/-/eventsource-0.1.6.tgz#0acede849ed7dd1ccc32c811bb11b944d4f29232"
  dependencies:
    original ">=0.0.5"

execa@^0.7.0:
  version "0.7.0"
  resolved "https://registry.yarnpkg.com/execa/-/execa-0.7.0.tgz#944becd34cc41ee32a63a9faf27ad5a65fc59777"
  dependencies:
    cross-spawn "^5.0.1"
    get-stream "^3.0.0"
    is-stream "^1.1.0"
    npm-run-path "^2.0.0"
    p-finally "^1.0.0"
    signal-exit "^3.0.0"
    strip-eof "^1.0.0"

expand-template@^1.0.2:
  version "1.1.0"
  resolved "https://registry.yarnpkg.com/expand-template/-/expand-template-1.1.0.tgz#e09efba977bf98f9ee0ed25abd0c692e02aec3fc"

extend@~3.0.1:
  version "3.0.1"
  resolved "https://registry.yarnpkg.com/extend/-/extend-3.0.1.tgz#a755ea7bc1adfcc5a31ce7e762dbaadc5e636444"

extsprintf@1.3.0:
  version "1.3.0"
  resolved "https://registry.yarnpkg.com/extsprintf/-/extsprintf-1.3.0.tgz#96918440e3041a7a414f8c52e3c574eb3c3e1e05"

extsprintf@^1.2.0:
  version "1.4.0"
  resolved "https://registry.yarnpkg.com/extsprintf/-/extsprintf-1.4.0.tgz#e2689f8f356fad62cca65a3a91c5df5f9551692f"

fast-deep-equal@^1.0.0:
  version "1.0.0"
  resolved "https://registry.yarnpkg.com/fast-deep-equal/-/fast-deep-equal-1.0.0.tgz#96256a3bc975595eb36d82e9929d060d893439ff"

fast-json-stable-stringify@^2.0.0:
  version "2.0.0"
  resolved "https://registry.yarnpkg.com/fast-json-stable-stringify/-/fast-json-stable-stringify-2.0.0.tgz#d5142c0caee6b1189f87d3a76111064f86c8bbf2"

faye-websocket@~0.11.0:
  version "0.11.1"
  resolved "https://registry.yarnpkg.com/faye-websocket/-/faye-websocket-0.11.1.tgz#f0efe18c4f56e4f40afc7e06c719fd5ee6188f38"
  dependencies:
    websocket-driver ">=0.5.1"

find-up@^2.1.0:
  version "2.1.0"
  resolved "https://registry.yarnpkg.com/find-up/-/find-up-2.1.0.tgz#45d1b7e506c717ddd482775a2b77920a3c0c57a7"
  dependencies:
    locate-path "^2.0.0"

forever-agent@~0.6.1:
  version "0.6.1"
  resolved "https://registry.yarnpkg.com/forever-agent/-/forever-agent-0.6.1.tgz#fbc71f0c41adeb37f96c577ad1ed42d8fdacca91"

form-data@~2.3.1:
  version "2.3.2"
  resolved "https://registry.yarnpkg.com/form-data/-/form-data-2.3.2.tgz#4970498be604c20c005d4f5c23aecd21d6b49099"
  dependencies:
    asynckit "^0.4.0"
    combined-stream "1.0.6"
    mime-types "^2.1.12"

formatio@1.1.1:
  version "1.1.1"
  resolved "https://registry.yarnpkg.com/formatio/-/formatio-1.1.1.tgz#5ed3ccd636551097383465d996199100e86161e9"
  dependencies:
    samsam "~1.1"

fs.realpath@^1.0.0:
  version "1.0.0"
  resolved "https://registry.yarnpkg.com/fs.realpath/-/fs.realpath-1.0.0.tgz#1504ad2523158caa40db4a2787cb01411994ea4f"

gauge@~2.7.3:
  version "2.7.4"
  resolved "https://registry.yarnpkg.com/gauge/-/gauge-2.7.4.tgz#2c03405c7538c39d7eb37b317022e325fb018bf7"
  dependencies:
    aproba "^1.0.3"
    console-control-strings "^1.0.0"
    has-unicode "^2.0.0"
    object-assign "^4.1.0"
    signal-exit "^3.0.0"
    string-width "^1.0.1"
    strip-ansi "^3.0.1"
    wide-align "^1.1.0"

get-caller-file@^1.0.1:
  version "1.0.2"
  resolved "https://registry.yarnpkg.com/get-caller-file/-/get-caller-file-1.0.2.tgz#f702e63127e7e231c160a80c1554acb70d5047e5"

get-stream@^3.0.0:
  version "3.0.0"
  resolved "https://registry.yarnpkg.com/get-stream/-/get-stream-3.0.0.tgz#8e943d1358dc37555054ecbe2edb05aa174ede14"

getpass@^0.1.1:
  version "0.1.7"
  resolved "https://registry.yarnpkg.com/getpass/-/getpass-0.1.7.tgz#5eff8e3e684d569ae4cb2b1282604e8ba62149fa"
  dependencies:
    assert-plus "^1.0.0"

github-from-package@0.0.0:
  version "0.0.0"
  resolved "https://registry.yarnpkg.com/github-from-package/-/github-from-package-0.0.0.tgz#97fb5d96bfde8973313f20e8288ef9a167fa64ce"

glob@3.2.11:
  version "3.2.11"
  resolved "https://registry.yarnpkg.com/glob/-/glob-3.2.11.tgz#4a973f635b9190f715d10987d5c00fd2815ebe3d"
  dependencies:
    inherits "2"
    minimatch "0.3"

glob@^7.0.6:
  version "7.1.2"
  resolved "https://registry.yarnpkg.com/glob/-/glob-7.1.2.tgz#c19c9df9a028702d678612384a6552404c636d15"
  dependencies:
    fs.realpath "^1.0.0"
    inflight "^1.0.4"
    inherits "2"
    minimatch "^3.0.4"
    once "^1.3.0"
    path-is-absolute "^1.0.0"

graceful-fs@^4.1.3:
  version "4.1.11"
  resolved "https://registry.yarnpkg.com/graceful-fs/-/graceful-fs-4.1.11.tgz#0e8bdfe4d1ddb8854d64e04ea7c00e2a026e5658"

growl@1.9.2:
  version "1.9.2"
  resolved "https://registry.yarnpkg.com/growl/-/growl-1.9.2.tgz#0ea7743715db8d8de2c5ede1775e1b45ac85c02f"

har-schema@^2.0.0:
  version "2.0.0"
  resolved "https://registry.yarnpkg.com/har-schema/-/har-schema-2.0.0.tgz#a94c2224ebcac04782a0d9035521f24735b7ec92"

har-validator@~5.0.3:
  version "5.0.3"
  resolved "https://registry.yarnpkg.com/har-validator/-/har-validator-5.0.3.tgz#ba402c266194f15956ef15e0fcf242993f6a7dfd"
  dependencies:
    ajv "^5.1.0"
    har-schema "^2.0.0"

has-flag@^3.0.0:
  version "3.0.0"
  resolved "https://registry.yarnpkg.com/has-flag/-/has-flag-3.0.0.tgz#b5d454dc2199ae225699f3467e5a07f3b955bafd"

has-unicode@^2.0.0:
  version "2.0.1"
  resolved "https://registry.yarnpkg.com/has-unicode/-/has-unicode-2.0.1.tgz#e0e6fe6a28cf51138855e086d1691e771de2a8b9"

hawk@~6.0.2:
  version "6.0.2"
  resolved "https://registry.yarnpkg.com/hawk/-/hawk-6.0.2.tgz#af4d914eb065f9b5ce4d9d11c1cb2126eecc3038"
  dependencies:
    boom "4.x.x"
    cryptiles "3.x.x"
    hoek "4.x.x"
    sntp "2.x.x"

hoek@4.x.x:
  version "4.2.1"
  resolved "https://registry.yarnpkg.com/hoek/-/hoek-4.2.1.tgz#9634502aa12c445dd5a7c5734b572bb8738aacbb"

http-parser-js@>=0.4.0:
  version "0.4.10"
  resolved "https://registry.yarnpkg.com/http-parser-js/-/http-parser-js-0.4.10.tgz#92c9c1374c35085f75db359ec56cc257cbb93fa4"

http-signature@~1.2.0:
  version "1.2.0"
  resolved "https://registry.yarnpkg.com/http-signature/-/http-signature-1.2.0.tgz#9aecd925114772f3d95b65a60abb8f7c18fbace1"
  dependencies:
    assert-plus "^1.0.0"
    jsprim "^1.2.2"
    sshpk "^1.7.0"

ignore@^3.0.9:
  version "3.3.7"
  resolved "https://registry.yarnpkg.com/ignore/-/ignore-3.3.7.tgz#612289bfb3c220e186a58118618d5be8c1bab021"

inflight@^1.0.4:
  version "1.0.6"
  resolved "https://registry.yarnpkg.com/inflight/-/inflight-1.0.6.tgz#49bd6331d7d02d0c09bc910a1075ba8165b56df9"
  dependencies:
    once "^1.3.0"
    wrappy "1"

inherits@2, inherits@^2.0.1, inherits@~2.0.1, inherits@~2.0.3:
  version "2.0.3"
  resolved "https://registry.yarnpkg.com/inherits/-/inherits-2.0.3.tgz#633c2c83e3da42a502f52466022480f4208261de"

inherits@2.0.1:
  version "2.0.1"
  resolved "https://registry.yarnpkg.com/inherits/-/inherits-2.0.1.tgz#b17d08d326b4423e568eff719f91b0b1cbdf69f1"

ini@~1.3.0:
  version "1.3.5"
  resolved "https://registry.yarnpkg.com/ini/-/ini-1.3.5.tgz#eee25f56db1c9ec6085e0c22778083f596abf927"

invert-kv@^1.0.0:
  version "1.0.0"
  resolved "https://registry.yarnpkg.com/invert-kv/-/invert-kv-1.0.0.tgz#104a8e4aaca6d3d8cd157a8ef8bfab2d7a3ffdb6"

is-fullwidth-code-point@^1.0.0:
  version "1.0.0"
  resolved "https://registry.yarnpkg.com/is-fullwidth-code-point/-/is-fullwidth-code-point-1.0.0.tgz#ef9e31386f031a7f0d643af82fde50c457ef00cb"
  dependencies:
    number-is-nan "^1.0.0"

is-fullwidth-code-point@^2.0.0:
  version "2.0.0"
  resolved "https://registry.yarnpkg.com/is-fullwidth-code-point/-/is-fullwidth-code-point-2.0.0.tgz#a3b30a5c4f199183167aaab93beefae3ddfb654f"

is-stream@^1.1.0:
  version "1.1.0"
  resolved "https://registry.yarnpkg.com/is-stream/-/is-stream-1.1.0.tgz#12d4a3dd4e68e0b79ceb8dbc84173ae80d91ca44"

is-typedarray@~1.0.0:
  version "1.0.0"
  resolved "https://registry.yarnpkg.com/is-typedarray/-/is-typedarray-1.0.0.tgz#e479c80858df0c1b11ddda6940f96011fcda4a9a"

isarray@0.0.1:
  version "0.0.1"
  resolved "https://registry.yarnpkg.com/isarray/-/isarray-0.0.1.tgz#8a18acfca9a8f4177e09abfc6038939b05d1eedf"

isarray@~1.0.0:
  version "1.0.0"
  resolved "https://registry.yarnpkg.com/isarray/-/isarray-1.0.0.tgz#bb935d48582cba168c06834957a54a3e07124f11"

isexe@^2.0.0:
  version "2.0.0"
  resolved "https://registry.yarnpkg.com/isexe/-/isexe-2.0.0.tgz#e8fbf374dc556ff8947a10dcb0572d633f2cfa10"

isstream@~0.1.2:
  version "0.1.2"
  resolved "https://registry.yarnpkg.com/isstream/-/isstream-0.1.2.tgz#47e63f7af55afa6f92e1500e690eb8b8529c099a"

jade@0.26.3:
  version "0.26.3"
  resolved "https://registry.yarnpkg.com/jade/-/jade-0.26.3.tgz#8f10d7977d8d79f2f6ff862a81b0513ccb25686c"
  dependencies:
    commander "0.6.1"
    mkdirp "0.3.0"

jsbn@~0.1.0:
  version "0.1.1"
  resolved "https://registry.yarnpkg.com/jsbn/-/jsbn-0.1.1.tgz#a5e654c2e5a2deb5f201d96cefbca80c0ef2f513"

json-schema-traverse@^0.3.0:
  version "0.3.1"
  resolved "https://registry.yarnpkg.com/json-schema-traverse/-/json-schema-traverse-0.3.1.tgz#349a6d44c53a51de89b40805c5d5e59b417d3340"

json-schema@0.2.3:
  version "0.2.3"
  resolved "https://registry.yarnpkg.com/json-schema/-/json-schema-0.2.3.tgz#b480c892e59a2f05954ce727bd3f2a4e882f9e13"

json-stringify-safe@~5.0.1:
  version "5.0.1"
  resolved "https://registry.yarnpkg.com/json-stringify-safe/-/json-stringify-safe-5.0.1.tgz#1296a2d58fd45f19a0f6ce01d65701e2c735b6eb"

json3@^3.3.2:
  version "3.3.2"
  resolved "https://registry.yarnpkg.com/json3/-/json3-3.3.2.tgz#3c0434743df93e2f5c42aee7b19bcb483575f4e1"

jsprim@^1.2.2:
  version "1.4.1"
  resolved "https://registry.yarnpkg.com/jsprim/-/jsprim-1.4.1.tgz#313e66bc1e5cc06e438bc1b7499c2e5c56acb6a2"
  dependencies:
    assert-plus "1.0.0"
    extsprintf "1.3.0"
    json-schema "0.2.3"
    verror "1.10.0"

lcid@^1.0.0:
  version "1.0.0"
  resolved "https://registry.yarnpkg.com/lcid/-/lcid-1.0.0.tgz#308accafa0bc483a3867b4b6f2b9506251d1b835"
  dependencies:
    invert-kv "^1.0.0"

locate-path@^2.0.0:
  version "2.0.0"
  resolved "https://registry.yarnpkg.com/locate-path/-/locate-path-2.0.0.tgz#2b568b265eec944c6d9c0de9c3dbbbca0354cd8e"
  dependencies:
    p-locate "^2.0.0"
    path-exists "^3.0.0"

lock@^0.1.2:
  version "0.1.4"
  resolved "https://registry.yarnpkg.com/lock/-/lock-0.1.4.tgz#fec7deaef17e7c3a0a55e1da042803e25d91745d"

lodash@^4.14.0, lodash@^4.17.4:
  version "4.17.5"
  resolved "https://registry.yarnpkg.com/lodash/-/lodash-4.17.5.tgz#99a92d65c0272debe8c96b6057bc8fbfa3bed511"

lolex@1.3.2:
  version "1.3.2"
  resolved "https://registry.yarnpkg.com/lolex/-/lolex-1.3.2.tgz#7c3da62ffcb30f0f5a80a2566ca24e45d8a01f31"

lru-cache@2:
  version "2.7.3"
  resolved "https://registry.yarnpkg.com/lru-cache/-/lru-cache-2.7.3.tgz#6d4524e8b955f95d4f5b58851ce21dd72fb4e952"

lru-cache@^4.0.1:
  version "4.1.1"
  resolved "https://registry.yarnpkg.com/lru-cache/-/lru-cache-4.1.1.tgz#622e32e82488b49279114a4f9ecf45e7cd6bba55"
  dependencies:
    pseudomap "^1.0.2"
    yallist "^2.1.2"

mem@^1.1.0:
  version "1.1.0"
  resolved "https://registry.yarnpkg.com/mem/-/mem-1.1.0.tgz#5edd52b485ca1d900fe64895505399a0dfa45f76"
  dependencies:
    mimic-fn "^1.0.0"

mime-db@~1.33.0:
  version "1.33.0"
  resolved "https://registry.yarnpkg.com/mime-db/-/mime-db-1.33.0.tgz#a3492050a5cb9b63450541e39d9788d2272783db"

mime-types@^2.1.12, mime-types@~2.1.17:
  version "2.1.18"
  resolved "https://registry.yarnpkg.com/mime-types/-/mime-types-2.1.18.tgz#6f323f60a83d11146f831ff11fd66e2fe5503bb8"
  dependencies:
    mime-db "~1.33.0"

mimic-fn@^1.0.0:
  version "1.2.0"
  resolved "https://registry.yarnpkg.com/mimic-fn/-/mimic-fn-1.2.0.tgz#820c86a39334640e99516928bd03fca88057d022"

minimatch@0.3:
  version "0.3.0"
  resolved "https://registry.yarnpkg.com/minimatch/-/minimatch-0.3.0.tgz#275d8edaac4f1bb3326472089e7949c8394699dd"
  dependencies:
    lru-cache "2"
    sigmund "~1.0.0"

minimatch@^3.0.4:
  version "3.0.4"
  resolved "https://registry.yarnpkg.com/minimatch/-/minimatch-3.0.4.tgz#5166e286457f03306064be5497e8dbb0c3d32083"
  dependencies:
    brace-expansion "^1.1.7"

minimist@0.0.8:
  version "0.0.8"
  resolved "https://registry.yarnpkg.com/minimist/-/minimist-0.0.8.tgz#857fcabfc3397d2625b8228262e86aa7a011b05d"

minimist@^1.2.0:
  version "1.2.0"
  resolved "https://registry.yarnpkg.com/minimist/-/minimist-1.2.0.tgz#a35008b20f41383eec1fb914f4cd5df79a264284"

minimist@~0.0.1:
  version "0.0.10"
  resolved "https://registry.yarnpkg.com/minimist/-/minimist-0.0.10.tgz#de3f98543dbf96082be48ad1a0c7cda836301dcf"

mkdirp@0.3.0:
  version "0.3.0"
  resolved "https://registry.yarnpkg.com/mkdirp/-/mkdirp-0.3.0.tgz#1bbf5ab1ba827af23575143490426455f481fe1e"

mkdirp@0.5.1, mkdirp@^0.5.1:
  version "0.5.1"
  resolved "https://registry.yarnpkg.com/mkdirp/-/mkdirp-0.5.1.tgz#30057438eac6cf7f8c4767f38648d6697d75c903"
  dependencies:
    minimist "0.0.8"

mkpath@^0.1.0:
  version "0.1.0"
  resolved "https://registry.yarnpkg.com/mkpath/-/mkpath-0.1.0.tgz#7554a6f8d871834cc97b5462b122c4c124d6de91"

mocha@^2.1.0:
  version "2.5.3"
  resolved "https://registry.yarnpkg.com/mocha/-/mocha-2.5.3.tgz#161be5bdeb496771eb9b35745050b622b5aefc58"
  dependencies:
    commander "2.3.0"
    debug "2.2.0"
    diff "1.4.0"
    escape-string-regexp "1.0.2"
    glob "3.2.11"
    growl "1.9.2"
    jade "0.26.3"
    mkdirp "0.5.1"
    supports-color "1.2.0"
    to-iso-string "0.0.2"

moment@^2.20.1:
  version "2.20.1"
  resolved "https://registry.yarnpkg.com/moment/-/moment-2.20.1.tgz#d6eb1a46cbcc14a2b2f9434112c1ff8907f313fd"

ms@0.7.1:
  version "0.7.1"
  resolved "https://registry.yarnpkg.com/ms/-/ms-0.7.1.tgz#9cd13c03adbff25b65effde7ce864ee952017098"

ms@2.0.0:
  version "2.0.0"
  resolved "https://registry.yarnpkg.com/ms/-/ms-2.0.0.tgz#5608aeadfc00be6c2901df5f9861788de0d597c8"

nan@~2.7.0:
  version "2.7.0"
  resolved "https://registry.yarnpkg.com/nan/-/nan-2.7.0.tgz#d95bf721ec877e08db276ed3fc6eb78f9083ad46"

nan@~2.8.0:
  version "2.8.0"
  resolved "https://registry.yarnpkg.com/nan/-/nan-2.8.0.tgz#ed715f3fe9de02b57a5e6252d90a96675e1f085a"

ngrok@^2.2.24:
  version "2.2.26"
  resolved "https://registry.yarnpkg.com/ngrok/-/ngrok-2.2.26.tgz#ae8257c7056bc73a13a253251348c7ef062e8d0a"
  dependencies:
    "@types/node" "^8.0.19"
    async "^2.3.0"
    decompress-zip "^0.3.0"
    lock "^0.1.2"
    request "^2.55.0"
    uuid "^3.0.0"

node-abi@^2.1.1:
  version "2.2.0"
  resolved "https://registry.yarnpkg.com/node-abi/-/node-abi-2.2.0.tgz#e802ac7a2408e2c0593fb3176ffdf8a99a9b4dec"
  dependencies:
    semver "^5.4.1"

node-then@~0.1:
  version "0.1.0"
  resolved "https://registry.yarnpkg.com/node-then/-/node-then-0.1.0.tgz#af1a89512cae670082238f1f92d6cb80b75f94d2"
  dependencies:
    when "~2.2"

noop-logger@^0.1.1:
  version "0.1.1"
  resolved "https://registry.yarnpkg.com/noop-logger/-/noop-logger-0.1.1.tgz#94a2b1633c4f1317553007d8966fd0e841b6a4c2"

nopt@^3.0.1:
  version "3.0.6"
  resolved "https://registry.yarnpkg.com/nopt/-/nopt-3.0.6.tgz#c6465dbf08abcd4db359317f79ac68a646b28ff9"
  dependencies:
    abbrev "1"

nopt@~1.0.10:
  version "1.0.10"
  resolved "https://registry.yarnpkg.com/nopt/-/nopt-1.0.10.tgz#6ddd21bd2a31417b92727dd585f8a6f37608ebee"
  dependencies:
    abbrev "1"

npm-run-path@^2.0.0:
  version "2.0.2"
  resolved "https://registry.yarnpkg.com/npm-run-path/-/npm-run-path-2.0.2.tgz#35a9232dfa35d7067b4cb2ddf2357b1871536c5f"
  dependencies:
    path-key "^2.0.0"

npmlog@^4.0.1:
  version "4.1.2"
  resolved "https://registry.yarnpkg.com/npmlog/-/npmlog-4.1.2.tgz#08a7f2a8bf734604779a9efa4ad5cc717abb954b"
  dependencies:
    are-we-there-yet "~1.1.2"
    console-control-strings "~1.1.0"
    gauge "~2.7.3"
    set-blocking "~2.0.0"

number-is-nan@^1.0.0:
  version "1.0.1"
  resolved "https://registry.yarnpkg.com/number-is-nan/-/number-is-nan-1.0.1.tgz#097b602b53422a522c1afb8790318336941a011d"

oauth-sign@~0.8.2:
  version "0.8.2"
  resolved "https://registry.yarnpkg.com/oauth-sign/-/oauth-sign-0.8.2.tgz#46a6ab7f0aead8deae9ec0565780b7d4efeb9d43"

object-assign@^4.1.0:
  version "4.1.1"
  resolved "https://registry.yarnpkg.com/object-assign/-/object-assign-4.1.1.tgz#2109adc7965887cfc05cbbd442cac8bfbb360863"

once@^1.3.0, once@^1.3.1, once@^1.4.0:
  version "1.4.0"
  resolved "https://registry.yarnpkg.com/once/-/once-1.4.0.tgz#583b1aa775961d4b113ac17d9c50baef9dd76bd1"
  dependencies:
    wrappy "1"

opener@^1.4.3:
  version "1.4.3"
  resolved "https://registry.yarnpkg.com/opener/-/opener-1.4.3.tgz#5c6da2c5d7e5831e8ffa3964950f8d6674ac90b8"

optimist@^0.6.1:
  version "0.6.1"
  resolved "https://registry.yarnpkg.com/optimist/-/optimist-0.6.1.tgz#da3ea74686fa21a19a111c326e90eb15a0196686"
  dependencies:
    minimist "~0.0.1"
    wordwrap "~0.0.2"

original@>=0.0.5:
  version "1.0.0"
  resolved "https://registry.yarnpkg.com/original/-/original-1.0.0.tgz#9147f93fa1696d04be61e01bd50baeaca656bd3b"
  dependencies:
    url-parse "1.0.x"

os-homedir@^1.0.1, os-homedir@^1.0.2:
  version "1.0.2"
  resolved "https://registry.yarnpkg.com/os-homedir/-/os-homedir-1.0.2.tgz#ffbc4988336e0e833de0c168c7ef152121aa7fb3"

os-locale@^2.0.0:
  version "2.1.0"
  resolved "https://registry.yarnpkg.com/os-locale/-/os-locale-2.1.0.tgz#42bc2900a6b5b8bd17376c8e882b65afccf24bf2"
  dependencies:
    execa "^0.7.0"
    lcid "^1.0.0"
    mem "^1.1.0"

p-finally@^1.0.0:
  version "1.0.0"
  resolved "https://registry.yarnpkg.com/p-finally/-/p-finally-1.0.0.tgz#3fbcfb15b899a44123b34b6dcc18b724336a2cae"

p-limit@^1.1.0:
  version "1.2.0"
  resolved "https://registry.yarnpkg.com/p-limit/-/p-limit-1.2.0.tgz#0e92b6bedcb59f022c13d0f1949dc82d15909f1c"
  dependencies:
    p-try "^1.0.0"

p-locate@^2.0.0:
  version "2.0.0"
  resolved "https://registry.yarnpkg.com/p-locate/-/p-locate-2.0.0.tgz#20a0103b222a70c8fd39cc2e580680f3dde5ec43"
  dependencies:
    p-limit "^1.1.0"

p-try@^1.0.0:
  version "1.0.0"
  resolved "https://registry.yarnpkg.com/p-try/-/p-try-1.0.0.tgz#cbc79cdbaf8fd4228e13f621f2b1a237c1b207b3"

passmarked@*:
  version "1.4.1"
  resolved "https://registry.yarnpkg.com/passmarked/-/passmarked-1.4.1.tgz#94e979eed5ad6151efc8f6d0131be74dae84e619"
  dependencies:
    async "^2.6.0"
    bufferutil "^3.0.3"
    chalk "^2.3.0"
    colors "^1.1.2"
    lodash "^4.17.4"
    moment "^2.20.1"
    ngrok "^2.2.24"
    opener "^1.4.3"
    os-homedir "^1.0.2"
    request "^2.83.0"
    sockjs-client "^1.1.4"
    string "^3.3.3"
    utf-8-validate "^4.0.0"
    uuid "^3.1.0"
    validator "^9.2.0"
    ws "^4.0.0"
    yargs "^10.0.3"

path-exists@^3.0.0:
  version "3.0.0"
  resolved "https://registry.yarnpkg.com/path-exists/-/path-exists-3.0.0.tgz#ce0ebeaa5f78cb18925ea7d810d7b59b010fd515"

path-is-absolute@^1.0.0:
  version "1.0.1"
  resolved "https://registry.yarnpkg.com/path-is-absolute/-/path-is-absolute-1.0.1.tgz#174b9268735534ffbc7ace6bf53a5a9e1b5c5f5f"

path-key@^2.0.0:
  version "2.0.1"
  resolved "https://registry.yarnpkg.com/path-key/-/path-key-2.0.1.tgz#411cadb574c5a140d3a4b1910d40d80cc9f40b40"

performance-now@^2.1.0:
  version "2.1.0"
  resolved "https://registry.yarnpkg.com/performance-now/-/performance-now-2.1.0.tgz#6309f4e0e5fa913ec1c69307ae364b4b377c9e7b"

prebuild-install@~2.3.0:
  version "2.3.0"
  resolved "https://registry.yarnpkg.com/prebuild-install/-/prebuild-install-2.3.0.tgz#19481247df728b854ab57b187ce234211311b485"
  dependencies:
    expand-template "^1.0.2"
    github-from-package "0.0.0"
    minimist "^1.2.0"
    mkdirp "^0.5.1"
    node-abi "^2.1.1"
    noop-logger "^0.1.1"
    npmlog "^4.0.1"
    os-homedir "^1.0.1"
    pump "^1.0.1"
    rc "^1.1.6"
    simple-get "^1.4.2"
    tar-fs "^1.13.0"
    tunnel-agent "^0.6.0"
    xtend "4.0.1"

process-nextick-args@~2.0.0:
  version "2.0.0"
  resolved "https://registry.yarnpkg.com/process-nextick-args/-/process-nextick-args-2.0.0.tgz#a37d732f4271b4ab1ad070d35508e8290788ffaa"

pseudomap@^1.0.2:
  version "1.0.2"
  resolved "https://registry.yarnpkg.com/pseudomap/-/pseudomap-1.0.2.tgz#f052a28da70e618917ef0a8ac34c1ae5a68286b3"

pump@^1.0.0, pump@^1.0.1:
  version "1.0.3"
  resolved "https://registry.yarnpkg.com/pump/-/pump-1.0.3.tgz#5dfe8311c33bbf6fc18261f9f34702c47c08a954"
  dependencies:
    end-of-stream "^1.1.0"
    once "^1.3.1"

punycode@^1.4.1:
  version "1.4.1"
  resolved "https://registry.yarnpkg.com/punycode/-/punycode-1.4.1.tgz#c0d5a63b2718800ad8e1eb0fa5269c84dd41845e"

q@^1.1.2:
  version "1.5.1"
  resolved "https://registry.yarnpkg.com/q/-/q-1.5.1.tgz#7e32f75b41381291d04611f1bf14109ac00651d7"

qs@~6.5.1:
  version "6.5.1"
  resolved "https://registry.yarnpkg.com/qs/-/qs-6.5.1.tgz#349cdf6eef89ec45c12d7d5eb3fc0c870343a6d8"

querystringify@0.0.x:
  version "0.0.4"
  resolved "https://registry.yarnpkg.com/querystringify/-/querystringify-0.0.4.tgz#0cf7f84f9463ff0ae51c4c4b142d95be37724d9c"

querystringify@~1.0.0:
  version "1.0.0"
  resolved "https://registry.yarnpkg.com/querystringify/-/querystringify-1.0.0.tgz#6286242112c5b712fa654e526652bf6a13ff05cb"

rc@^1.1.6:
  version "1.2.5"
  resolved "https://registry.yarnpkg.com/rc/-/rc-1.2.5.tgz#275cd687f6e3b36cc756baa26dfee80a790301fd"
  dependencies:
    deep-extend "~0.4.0"
    ini "~1.3.0"
    minimist "^1.2.0"
    strip-json-comments "~2.0.1"

readable-stream@^1.1.8:
  version "1.1.14"
  resolved "https://registry.yarnpkg.com/readable-stream/-/readable-stream-1.1.14.tgz#7cf4c54ef648e3813084c636dd2079e166c081d9"
  dependencies:
    core-util-is "~1.0.0"
    inherits "~2.0.1"
    isarray "0.0.1"
    string_decoder "~0.10.x"

readable-stream@^2.0.0, readable-stream@^2.0.5, readable-stream@^2.0.6:
  version "2.3.4"
  resolved "https://registry.yarnpkg.com/readable-stream/-/readable-stream-2.3.4.tgz#c946c3f47fa7d8eabc0b6150f4a12f69a4574071"
  dependencies:
    core-util-is "~1.0.0"
    inherits "~2.0.3"
    isarray "~1.0.0"
    process-nextick-args "~2.0.0"
    safe-buffer "~5.1.1"
    string_decoder "~1.0.3"
    util-deprecate "~1.0.1"

request@^2.55.0, request@^2.83.0:
  version "2.83.0"
  resolved "https://registry.yarnpkg.com/request/-/request-2.83.0.tgz#ca0b65da02ed62935887808e6f510381034e3356"
  dependencies:
    aws-sign2 "~0.7.0"
    aws4 "^1.6.0"
    caseless "~0.12.0"
    combined-stream "~1.0.5"
    extend "~3.0.1"
    forever-agent "~0.6.1"
    form-data "~2.3.1"
    har-validator "~5.0.3"
    hawk "~6.0.2"
    http-signature "~1.2.0"
    is-typedarray "~1.0.0"
    isstream "~0.1.2"
    json-stringify-safe "~5.0.1"
    mime-types "~2.1.17"
    oauth-sign "~0.8.2"
    performance-now "^2.1.0"
    qs "~6.5.1"
    safe-buffer "^5.1.1"
    stringstream "~0.0.5"
    tough-cookie "~2.3.3"
    tunnel-agent "^0.6.0"
    uuid "^3.1.0"

require-directory@^2.1.1:
  version "2.1.1"
  resolved "https://registry.yarnpkg.com/require-directory/-/require-directory-2.1.1.tgz#8c64ad5fd30dab1c976e2344ffe7f792a6a6df42"

require-main-filename@^1.0.1:
  version "1.0.1"
  resolved "https://registry.yarnpkg.com/require-main-filename/-/require-main-filename-1.0.1.tgz#97f717b69d48784f5f526a6c5aa8ffdda055a4d1"

requires-port@1.0.x, requires-port@~1.0.0:
  version "1.0.0"
  resolved "https://registry.yarnpkg.com/requires-port/-/requires-port-1.0.0.tgz#925d2601d39ac485e091cf0da5c6e694dc3dcaff"

resolve@^0.6.3:
  version "0.6.3"
  resolved "https://registry.yarnpkg.com/resolve/-/resolve-0.6.3.tgz#dd957982e7e736debdf53b58a4dd91754575dd46"

safe-buffer@^5.0.1, safe-buffer@^5.1.1, safe-buffer@~5.1.0, safe-buffer@~5.1.1:
  version "5.1.1"
  resolved "https://registry.yarnpkg.com/safe-buffer/-/safe-buffer-5.1.1.tgz#893312af69b2123def71f57889001671eeb2c853"

samsam@1.1.2:
  version "1.1.2"
  resolved "https://registry.yarnpkg.com/samsam/-/samsam-1.1.2.tgz#bec11fdc83a9fda063401210e40176c3024d1567"

samsam@~1.1:
  version "1.1.3"
  resolved "https://registry.yarnpkg.com/samsam/-/samsam-1.1.3.tgz#9f5087419b4d091f232571e7fa52e90b0f552621"

semver@^5.4.1:
  version "5.5.0"
  resolved "https://registry.yarnpkg.com/semver/-/semver-5.5.0.tgz#dc4bbc7a6ca9d916dee5d43516f0092b58f7b8ab"

set-blocking@^2.0.0, set-blocking@~2.0.0:
  version "2.0.0"
  resolved "https://registry.yarnpkg.com/set-blocking/-/set-blocking-2.0.0.tgz#045f9782d011ae9a6803ddd382b24392b3d890f7"

shebang-command@^1.2.0:
  version "1.2.0"
  resolved "https://registry.yarnpkg.com/shebang-command/-/shebang-command-1.2.0.tgz#44aac65b695b03398968c39f363fee5deafdf1ea"
  dependencies:
    shebang-regex "^1.0.0"

shebang-regex@^1.0.0:
  version "1.0.0"
  resolved "https://registry.yarnpkg.com/shebang-regex/-/shebang-regex-1.0.0.tgz#da42f49740c0b42db2ca9728571cb190c98efea3"

sigmund@~1.0.0:
  version "1.0.1"
  resolved "https://registry.yarnpkg.com/sigmund/-/sigmund-1.0.1.tgz#3ff21f198cad2175f9f3b781853fd94d0d19b590"

signal-exit@^3.0.0:
  version "3.0.2"
  resolved "https://registry.yarnpkg.com/signal-exit/-/signal-exit-3.0.2.tgz#b5fdc08f1287ea1178628e415e25132b73646c6d"

simple-get@^1.4.2:
  version "1.4.3"
  resolved "https://registry.yarnpkg.com/simple-get/-/simple-get-1.4.3.tgz#e9755eda407e96da40c5e5158c9ea37b33becbeb"
  dependencies:
    once "^1.3.1"
    unzip-response "^1.0.0"
    xtend "^4.0.0"

sinon-chai@^2.7.0:
  version "2.14.0"
  resolved "https://registry.yarnpkg.com/sinon-chai/-/sinon-chai-2.14.0.tgz#da7dd4cc83cd6a260b67cca0f7a9fdae26a1205d"

sinon@^1.12.2:
  version "1.17.7"
  resolved "https://registry.yarnpkg.com/sinon/-/sinon-1.17.7.tgz#4542a4f49ba0c45c05eb2e9dd9d203e2b8efe0bf"
  dependencies:
    formatio "1.1.1"
    lolex "1.3.2"
    samsam "1.1.2"
    util ">=0.10.3 <1"

sntp@2.x.x:
  version "2.1.0"
  resolved "https://registry.yarnpkg.com/sntp/-/sntp-2.1.0.tgz#2c6cec14fedc2222739caf9b5c3d85d1cc5a2cc8"
  dependencies:
    hoek "4.x.x"

sockjs-client@^1.1.4:
  version "1.1.4"
  resolved "https://registry.yarnpkg.com/sockjs-client/-/sockjs-client-1.1.4.tgz#5babe386b775e4cf14e7520911452654016c8b12"
  dependencies:
    debug "^2.6.6"
    eventsource "0.1.6"
    faye-websocket "~0.11.0"
    inherits "^2.0.1"
    json3 "^3.3.2"
    url-parse "^1.1.8"

sshpk@^1.7.0:
  version "1.13.1"
  resolved "https://registry.yarnpkg.com/sshpk/-/sshpk-1.13.1.tgz#512df6da6287144316dc4c18fe1cf1d940739be3"
  dependencies:
    asn1 "~0.2.3"
    assert-plus "^1.0.0"
    dashdash "^1.12.0"
    getpass "^0.1.1"
  optionalDependencies:
    bcrypt-pbkdf "^1.0.0"
    ecc-jsbn "~0.1.1"
    jsbn "~0.1.0"
    tweetnacl "~0.14.0"

string-width@^1.0.1, string-width@^1.0.2:
  version "1.0.2"
  resolved "https://registry.yarnpkg.com/string-width/-/string-width-1.0.2.tgz#118bdf5b8cdc51a2a7e70d211e07e2b0b9b107d3"
  dependencies:
    code-point-at "^1.0.0"
    is-fullwidth-code-point "^1.0.0"
    strip-ansi "^3.0.0"

string-width@^2.0.0, string-width@^2.1.1:
  version "2.1.1"
  resolved "https://registry.yarnpkg.com/string-width/-/string-width-2.1.1.tgz#ab93f27a8dc13d28cac815c462143a6d9012ae9e"
  dependencies:
    is-fullwidth-code-point "^2.0.0"
    strip-ansi "^4.0.0"

string@^3.3.3:
  version "3.3.3"
  resolved "https://registry.yarnpkg.com/string/-/string-3.3.3.tgz#5ea211cd92d228e184294990a6cc97b366a77cb0"

string_decoder@~0.10.x:
  version "0.10.31"
  resolved "https://registry.yarnpkg.com/string_decoder/-/string_decoder-0.10.31.tgz#62e203bc41766c6c28c9fc84301dab1c5310fa94"

string_decoder@~1.0.3:
  version "1.0.3"
  resolved "https://registry.yarnpkg.com/string_decoder/-/string_decoder-1.0.3.tgz#0fc67d7c141825de94282dd536bec6b9bce860ab"
  dependencies:
    safe-buffer "~5.1.0"

stringstream@~0.0.5:
  version "0.0.5"
  resolved "https://registry.yarnpkg.com/stringstream/-/stringstream-0.0.5.tgz#4e484cd4de5a0bbbee18e46307710a8a81621878"

strip-ansi@^3.0.0, strip-ansi@^3.0.1:
  version "3.0.1"
  resolved "https://registry.yarnpkg.com/strip-ansi/-/strip-ansi-3.0.1.tgz#6a385fb8853d952d5ff05d0e8aaf94278dc63dcf"
  dependencies:
    ansi-regex "^2.0.0"

strip-ansi@^4.0.0:
  version "4.0.0"
  resolved "https://registry.yarnpkg.com/strip-ansi/-/strip-ansi-4.0.0.tgz#a8479022eb1ac368a871389b635262c505ee368f"
  dependencies:
    ansi-regex "^3.0.0"

strip-eof@^1.0.0:
  version "1.0.0"
  resolved "https://registry.yarnpkg.com/strip-eof/-/strip-eof-1.0.0.tgz#bb43ff5598a6eb05d89b59fcd129c983313606bf"

strip-json-comments@^1.0.2:
  version "1.0.4"
  resolved "https://registry.yarnpkg.com/strip-json-comments/-/strip-json-comments-1.0.4.tgz#1e15fbcac97d3ee99bf2d73b4c656b082bbafb91"

strip-json-comments@~2.0.1:
  version "2.0.1"
  resolved "https://registry.yarnpkg.com/strip-json-comments/-/strip-json-comments-2.0.1.tgz#3c531942e908c2697c0ec344858c286c7ca0a60a"

supports-color@1.2.0:
  version "1.2.0"
  resolved "https://registry.yarnpkg.com/supports-color/-/supports-color-1.2.0.tgz#ff1ed1e61169d06b3cf2d588e188b18d8847e17e"

supports-color@^5.2.0:
  version "5.2.0"
  resolved "https://registry.yarnpkg.com/supports-color/-/supports-color-5.2.0.tgz#b0d5333b1184dd3666cbe5aa0b45c5ac7ac17a4a"
  dependencies:
    has-flag "^3.0.0"

tar-fs@^1.13.0:
  version "1.16.0"
  resolved "https://registry.yarnpkg.com/tar-fs/-/tar-fs-1.16.0.tgz#e877a25acbcc51d8c790da1c57c9cf439817b896"
  dependencies:
    chownr "^1.0.1"
    mkdirp "^0.5.1"
    pump "^1.0.0"
    tar-stream "^1.1.2"

tar-stream@^1.1.2:
  version "1.5.5"
  resolved "https://registry.yarnpkg.com/tar-stream/-/tar-stream-1.5.5.tgz#5cad84779f45c83b1f2508d96b09d88c7218af55"
  dependencies:
    bl "^1.0.0"
    end-of-stream "^1.0.0"
    readable-stream "^2.0.0"
    xtend "^4.0.0"

to-iso-string@0.0.2:
  version "0.0.2"
  resolved "https://registry.yarnpkg.com/to-iso-string/-/to-iso-string-0.0.2.tgz#4dc19e664dfccbe25bd8db508b00c6da158255d1"

touch@0.0.3:
  version "0.0.3"
  resolved "https://registry.yarnpkg.com/touch/-/touch-0.0.3.tgz#51aef3d449571d4f287a5d87c9c8b49181a0db1d"
  dependencies:
    nopt "~1.0.10"

tough-cookie@~2.3.3:
  version "2.3.3"
  resolved "https://registry.yarnpkg.com/tough-cookie/-/tough-cookie-2.3.3.tgz#0b618a5565b6dea90bf3425d04d55edc475a7561"
  dependencies:
    punycode "^1.4.1"

"traverse@>=0.3.0 <0.4":
  version "0.3.9"
  resolved "https://registry.yarnpkg.com/traverse/-/traverse-0.3.9.tgz#717b8f220cc0bb7b44e40514c22b2e8bbc70d8b9"

tunnel-agent@^0.6.0:
  version "0.6.0"
  resolved "https://registry.yarnpkg.com/tunnel-agent/-/tunnel-agent-0.6.0.tgz#27a5dea06b36b04a0a9966774b290868f0fc40fd"
  dependencies:
    safe-buffer "^5.0.1"

tweetnacl@^0.14.3, tweetnacl@~0.14.0:
  version "0.14.5"
  resolved "https://registry.yarnpkg.com/tweetnacl/-/tweetnacl-0.14.5.tgz#5ae68177f192d4456269d108afa93ff8743f4f64"

type-detect@0.1.1:
  version "0.1.1"
  resolved "https://registry.yarnpkg.com/type-detect/-/type-detect-0.1.1.tgz#0ba5ec2a885640e470ea4e8505971900dac58822"

ultron@~1.1.0:
  version "1.1.1"
  resolved "https://registry.yarnpkg.com/ultron/-/ultron-1.1.1.tgz#9fe1536a10a664a65266a1e3ccf85fd36302bc9c"

underscore@^1.8.3:
  version "1.8.3"
  resolved "https://registry.yarnpkg.com/underscore/-/underscore-1.8.3.tgz#4f3fb53b106e6097fcf9cb4109f2a5e9bdfa5022"

unzip-response@^1.0.0:
  version "1.0.2"
  resolved "https://registry.yarnpkg.com/unzip-response/-/unzip-response-1.0.2.tgz#b984f0877fc0a89c2c773cc1ef7b5b232b5b06fe"

url-parse@1.0.x:
  version "1.0.5"
  resolved "https://registry.yarnpkg.com/url-parse/-/url-parse-1.0.5.tgz#0854860422afdcfefeb6c965c662d4800169927b"
  dependencies:
    querystringify "0.0.x"
    requires-port "1.0.x"

url-parse@^1.1.8:
  version "1.2.0"
  resolved "https://registry.yarnpkg.com/url-parse/-/url-parse-1.2.0.tgz#3a19e8aaa6d023ddd27dcc44cb4fc8f7fec23986"
  dependencies:
    querystringify "~1.0.0"
    requires-port "~1.0.0"

utf-8-validate@^4.0.0:
  version "4.0.0"
  resolved "https://registry.yarnpkg.com/utf-8-validate/-/utf-8-validate-4.0.0.tgz#93812f447b6fd11a3dad4302d5870830cae8470a"
  dependencies:
    bindings "~1.3.0"
    nan "~2.8.0"
    prebuild-install "~2.3.0"

util-deprecate@~1.0.1:
  version "1.0.2"
  resolved "https://registry.yarnpkg.com/util-deprecate/-/util-deprecate-1.0.2.tgz#450d4dc9fa70de732762fbd2d4a28981419a0ccf"

"util@>=0.10.3 <1":
  version "0.10.3"
  resolved "https://registry.yarnpkg.com/util/-/util-0.10.3.tgz#7afb1afe50805246489e3db7fe0ed379336ac0f9"
  dependencies:
    inherits "2.0.1"

uuid@^3.0.0, uuid@^3.1.0:
  version "3.2.1"
  resolved "https://registry.yarnpkg.com/uuid/-/uuid-3.2.1.tgz#12c528bb9d58d0b9265d9a2f6f0fe8be17ff1f14"

validator@^9.2.0:
  version "9.4.1"
  resolved "https://registry.yarnpkg.com/validator/-/validator-9.4.1.tgz#abf466d398b561cd243050112c6ff1de6cc12663"

verror@1.10.0:
  version "1.10.0"
  resolved "https://registry.yarnpkg.com/verror/-/verror-1.10.0.tgz#3a105ca17053af55d6e270c1f8288682e18da400"
  dependencies:
    assert-plus "^1.0.0"
    core-util-is "1.0.2"
    extsprintf "^1.2.0"

websocket-driver@>=0.5.1:
  version "0.7.0"
  resolved "https://registry.yarnpkg.com/websocket-driver/-/websocket-driver-0.7.0.tgz#0caf9d2d755d93aee049d4bdd0d3fe2cca2a24eb"
  dependencies:
    http-parser-js ">=0.4.0"
    websocket-extensions ">=0.1.1"

websocket-extensions@>=0.1.1:
  version "0.1.3"
  resolved "https://registry.yarnpkg.com/websocket-extensions/-/websocket-extensions-0.1.3.tgz#5d2ff22977003ec687a4b87073dfbbac146ccf29"

when@~2.2:
  version "2.2.1"
  resolved "https://registry.yarnpkg.com/when/-/when-2.2.1.tgz#b1def994017350b8087f6e9a7596ab2833bdc712"

which-module@^2.0.0:
  version "2.0.0"
  resolved "https://registry.yarnpkg.com/which-module/-/which-module-2.0.0.tgz#d9ef07dce77b9902b8a3a8fa4b31c3e3f7e6e87a"

which@^1.2.9:
  version "1.3.0"
  resolved "https://registry.yarnpkg.com/which/-/which-1.3.0.tgz#ff04bdfc010ee547d780bec38e1ac1c2777d253a"
  dependencies:
    isexe "^2.0.0"

wide-align@^1.1.0:
  version "1.1.2"
  resolved "https://registry.yarnpkg.com/wide-align/-/wide-align-1.1.2.tgz#571e0f1b0604636ebc0dfc21b0339bbe31341710"
  dependencies:
    string-width "^1.0.2"

wordwrap@~0.0.2:
  version "0.0.3"
  resolved "https://registry.yarnpkg.com/wordwrap/-/wordwrap-0.0.3.tgz#a3d5da6cd5c0bc0008d37234bbaf1bed63059107"

wrap-ansi@^2.0.0:
  version "2.1.0"
  resolved "https://registry.yarnpkg.com/wrap-ansi/-/wrap-ansi-2.1.0.tgz#d8fc3d284dd05794fe84973caecdd1cf824fdd85"
  dependencies:
    string-width "^1.0.1"
    strip-ansi "^3.0.1"

wrappy@1:
  version "1.0.2"
  resolved "https://registry.yarnpkg.com/wrappy/-/wrappy-1.0.2.tgz#b5243d8f3ec1aa35f1364605bc0d1036e30ab69f"

ws@^4.0.0:
  version "4.0.0"
  resolved "https://registry.yarnpkg.com/ws/-/ws-4.0.0.tgz#bfe1da4c08eeb9780b986e0e4d10eccd7345999f"
  dependencies:
    async-limiter "~1.0.0"
    safe-buffer "~5.1.0"
    ultron "~1.1.0"

xtend@4.0.1, xtend@^4.0.0:
  version "4.0.1"
  resolved "https://registry.yarnpkg.com/xtend/-/xtend-4.0.1.tgz#a5c6d532be656e23db820efb943a1f04998d63af"

y18n@^3.2.1:
  version "3.2.1"
  resolved "https://registry.yarnpkg.com/y18n/-/y18n-3.2.1.tgz#6d15fba884c08679c0d77e88e7759e811e07fa41"

yallist@^2.1.2:
  version "2.1.2"
  resolved "https://registry.yarnpkg.com/yallist/-/yallist-2.1.2.tgz#1c11f9218f076089a47dd512f93c6699a6a81d52"

yargs-parser@^8.1.0:
  version "8.1.0"
  resolved "https://registry.yarnpkg.com/yargs-parser/-/yargs-parser-8.1.0.tgz#f1376a33b6629a5d063782944da732631e966950"
  dependencies:
    camelcase "^4.1.0"

yargs@^10.0.3:
  version "10.1.2"
  resolved "https://registry.yarnpkg.com/yargs/-/yargs-10.1.2.tgz#454d074c2b16a51a43e2fb7807e4f9de69ccb5c5"
  dependencies:
    cliui "^4.0.0"
    decamelize "^1.1.1"
    find-up "^2.1.0"
    get-caller-file "^1.0.1"
    os-locale "^2.0.0"
    require-directory "^2.1.1"
    require-main-filename "^1.0.1"
    set-blocking "^2.0.0"
    string-width "^2.0.0"
    which-module "^2.0.0"
    y18n "^3.2.1"
    yargs-parser "^8.1.0"
